
Microsoft Visual Studio Solution File, Format Version 12.00
# Visual Studio 15
VisualStudioVersion = 15.0.28307.438
MinimumVisualStudioVersion = 10.0.40219.1
Project("{9A19103F-16F7-4668-BE54-9A1E7A4F7556}") = "TVMaze.API", "TVMaze.API\TVMaze.API.csproj", "{C5AAA3D9-0E6E-4A54-B52D-4F8F88103348}"
EndProject
Project("{9A19103F-16F7-4668-BE54-9A1E7A4F7556}") = "TVMaze.Infrastructure", "TVMaze.Infrastructure\TVMaze.Infrastructure.csproj", "{E8B4D445-1C4C-4281-ACA5-B601C3814B0F}"
EndProject
Project("{9A19103F-16F7-4668-BE54-9A1E7A4F7556}") = "TVMaze.ScraperService", "TVMaze.ScraperService\TVMaze.ScraperService.csproj", "{9D0CDCC8-D85A-4A4E-B486-3213665C3EB3}"
EndProject
Global
	GlobalSection(SolutionConfigurationPlatforms) = preSolution
		Debug|Any CPU = Debug|Any CPU
		Release|Any CPU = Release|Any CPU
	EndGlobalSection
	GlobalSection(ProjectConfigurationPlatforms) = postSolution
		{C5AAA3D9-0E6E-4A54-B52D-4F8F88103348}.Debug|Any CPU.ActiveCfg = Debug|Any CPU
		{C5AAA3D9-0E6E-4A54-B52D-4F8F88103348}.Debug|Any CPU.Build.0 = Debug|Any CPU
		{C5AAA3D9-0E6E-4A54-B52D-4F8F88103348}.Release|Any CPU.ActiveCfg = Release|Any CPU
		{C5AAA3D9-0E6E-4A54-B52D-4F8F88103348}.Release|Any CPU.Build.0 = Release|Any CPU
		{E8B4D445-1C4C-4281-ACA5-B601C3814B0F}.Debug|Any CPU.ActiveCfg = Debug|Any CPU
		{E8B4D445-1C4C-4281-ACA5-B601C3814B0F}.Debug|Any CPU.Build.0 = Debug|Any CPU
		{E8B4D445-1C4C-4281-ACA5-B601C3814B0F}.Release|Any CPU.ActiveCfg = Release|Any CPU
		{E8B4D445-1C4C-4281-ACA5-B601C3814B0F}.Release|Any CPU.Build.0 = Release|Any CPU
		{9D0CDCC8-D85A-4A4E-B486-3213665C3EB3}.Debug|Any CPU.ActiveCfg = Debug|Any CPU
		{9D0CDCC8-D85A-4A4E-B486-3213665C3EB3}.Debug|Any CPU.Build.0 = Debug|Any CPU
		{9D0CDCC8-D85A-4A4E-B486-3213665C3EB3}.Release|Any CPU.ActiveCfg = Release|Any CPU
		{9D0CDCC8-D85A-4A4E-B486-3213665C3EB3}.Release|Any CPU.Build.0 = Release|Any CPU
	EndGlobalSection
	GlobalSection(SolutionProperties) = preSolution
		HideSolutionNode = FALSE
	EndGlobalSection
	GlobalSection(ExtensibilityGlobals) = postSolution
		SolutionGuid = {84F54E9B-1840-4CFD-AAC4-E8B0DAEA878E}
	EndGlobalSection
EndGlobal
